
Microsoft Visual Studio Solution File, Format Version 12.00
# Visual Studio Version 17
VisualStudioVersion = 17.8.34322.80
MinimumVisualStudioVersion = 10.0.40219.1
Project("{FAE04EC0-301F-11D3-BF4B-00C04F79EFBC}") = "5.7", "5.7.csproj", "{C174D7FF-0868-4508-8D83-CDBA13C18FE0}"
EndProject
Global
	GlobalSection(SolutionConfigurationPlatforms) = preSolution
		Debug|Any CPU = Debug|Any CPU
		Release|Any CPU = Release|Any CPU
	EndGlobalSection
	GlobalSection(ProjectConfigurationPlatforms) = postSolution
		{C174D7FF-0868-4508-8D83-CDBA13C18FE0}.Debug|Any CPU.ActiveCfg = Debug|Any CPU
		{C174D7FF-0868-4508-8D83-CDBA13C18FE0}.Debug|Any CPU.Build.0 = Debug|Any CPU
		{C174D7FF-0868-4508-8D83-CDBA13C18FE0}.Release|Any CPU.ActiveCfg = Release|Any CPU
		{C174D7FF-0868-4508-8D83-CDBA13C18FE0}.Release|Any CPU.Build.0 = Release|Any CPU
	EndGlobalSection
	GlobalSection(SolutionProperties) = preSolution
		HideSolutionNode = FALSE
	EndGlobalSection
	GlobalSection(ExtensibilityGlobals) = postSolution
		SolutionGuid = {B7A37101-8D70-4DCB-9C66-2021982BCE56}
	EndGlobalSection
EndGlobal
